Microsoft Visual Studio Solution File, Format Version 12.00
# Visual Studio Version 17
VisualStudioVersion = 17.5.2.0
MinimumVisualStudioVersion = 10.0.40219.1
Project("{FAE04EC0-301F-11D3-BF4B-00C04F79EFBC}") = "Formulatrix.RepositoryManager", "Formulatrix.RepositoryManager.csproj", "{81135616-386C-7758-435D-F510302717DB}"
EndProject
Project("{FAE04EC0-301F-11D3-BF4B-00C04F79EFBC}") = "Test", "Test\Test.csproj", "{C5A0A328-4142-4CC0-91E9-6C34A1845EA7}"
EndProject
Global
	GlobalSection(SolutionConfigurationPlatforms) = preSolution
		Debug|Any CPU = Debug|Any CPU
		Release|Any CPU = Release|Any CPU
	EndGlobalSection
	GlobalSection(ProjectConfigurationPlatforms) = postSolution
		{81135616-386C-7758-435D-F510302717DB}.Debug|Any CPU.ActiveCfg = Debug|Any CPU
		{81135616-386C-7758-435D-F510302717DB}.Debug|Any CPU.Build.0 = Debug|Any CPU
		{81135616-386C-7758-435D-F510302717DB}.Release|Any CPU.ActiveCfg = Release|Any CPU
		{81135616-386C-7758-435D-F510302717DB}.Release|Any CPU.Build.0 = Release|Any CPU
		{C5A0A328-4142-4CC0-91E9-6C34A1845EA7}.Debug|Any CPU.ActiveCfg = Debug|Any CPU
		{C5A0A328-4142-4CC0-91E9-6C34A1845EA7}.Debug|Any CPU.Build.0 = Debug|Any CPU
		{C5A0A328-4142-4CC0-91E9-6C34A1845EA7}.Release|Any CPU.ActiveCfg = Release|Any CPU
		{C5A0A328-4142-4CC0-91E9-6C34A1845EA7}.Release|Any CPU.Build.0 = Release|Any CPU
	EndGlobalSection
	GlobalSection(SolutionProperties) = preSolution
		HideSolutionNode = FALSE
	EndGlobalSection
	GlobalSection(ExtensibilityGlobals) = postSolution
		SolutionGuid = {1D3AA95A-D127-4846-9B11-60044B38BEC4}
	EndGlobalSection
EndGlobal
