
Microsoft Visual Studio Solution File, Format Version 12.00
# Visual Studio Version 17
VisualStudioVersion = 17.0.31903.59
MinimumVisualStudioVersion = 10.0.40219.1
Project("{FAE04EC0-301F-11D3-BF4B-00C04F79EFBC}") = "ConsoleApp1", "ConsoleApp1\ConsoleApp1.csproj", "{F0600661-0452-4F11-A2C0-909491761D01}"
EndProject
Project("{FAE04EC0-301F-11D3-BF4B-00C04F79EFBC}") = "BizzBuzz", "BizzBuzz\BizzBuzz.csproj", "{9E4508DF-E0F8-4775-9E84-7FACDF7B3CCD}"
EndProject
Project("{FAE04EC0-301F-11D3-BF4B-00C04F79EFBC}") = "Calculator", "Calculator\Calculator.csproj", "{E82F9B38-CEE4-4D93-A765-B473C9E63AD6}"
EndProject
Project("{FAE04EC0-301F-11D3-BF4B-00C04F79EFBC}") = "ClassParameter", "ClassParameter\ClassParameter.csproj", "{D601EDAC-D152-4710-9EAC-F6D295610C97}"
EndProject
Project("{FAE04EC0-301F-11D3-BF4B-00C04F79EFBC}") = "ClassStructure", "ClassStructure\ClassStructure.csproj", "{BFDF10B0-B85E-40A8-9FA8-E711F1EC9B32}"
EndProject
Project("{FAE04EC0-301F-11D3-BF4B-00C04F79EFBC}") = "ConstructorOverloading", "ConstructorOverloading\ConstructorOverloading.csproj", "{0E0E5495-F413-46C0-8841-AC879188717F}"
EndProject
Project("{FAE04EC0-301F-11D3-BF4B-00C04F79EFBC}") = "Composition", "Composition\Composition.csproj", "{EBF21675-DC96-4BC9-B7D2-FD53ADA0660E}"
EndProject
Project("{FAE04EC0-301F-11D3-BF4B-00C04F79EFBC}") = "ExerciseDay1", "ExerciseDay1\ExerciseDay1.csproj", "{099DEA44-493B-44BD-8AB8-30541DEBA22C}"
EndProject
Project("{FAE04EC0-301F-11D3-BF4B-00C04F79EFBC}") = "ExerciseDay2", "ExerciseDay2\ExerciseDay2.csproj", "{B11E6003-E95D-42E4-A62F-DC97CD4209BF}"
EndProject
Project("{FAE04EC0-301F-11D3-BF4B-00C04F79EFBC}") = "ExerciseDay3", "ExerciseDay3\ExerciseDay3.csproj", "{83583800-0825-4B1E-8316-C2DBE29E522F}"
EndProject
Project("{FAE04EC0-301F-11D3-BF4B-00C04F79EFBC}") = "SecondLogicExercise", "SecondLogicExercise\SecondLogicExercise.csproj", "{E87D49B8-D20E-4E6E-8F62-DA9DA84912AA}"
EndProject
Project("{FAE04EC0-301F-11D3-BF4B-00C04F79EFBC}") = "Inheritance", "Inheritance\Inheritance.csproj", "{5AF2EB80-9F4E-475C-8828-90A9EF469CFE}"
EndProject
Project("{FAE04EC0-301F-11D3-BF4B-00C04F79EFBC}") = "TheObjectType", "TheObjectType\TheObjectType.csproj", "{9EA9202F-C144-4718-8982-97B2369DF6BB}"
EndProject
Project("{FAE04EC0-301F-11D3-BF4B-00C04F79EFBC}") = "Structs", "Structs\Structs.csproj", "{4D844582-3F44-4C05-96F1-90CD96612DB4}"
EndProject
Project("{FAE04EC0-301F-11D3-BF4B-00C04F79EFBC}") = "Interfaces", "Interfaces\Interfaces.csproj", "{DEA9795F-2AD4-4B99-86C9-191F1FB3B691}"
EndProject
Project("{FAE04EC0-301F-11D3-BF4B-00C04F79EFBC}") = "Enums", "Enums\Enums.csproj", "{444BEE21-3B6D-411F-81A9-F598262FDFE7}"
EndProject
Project("{FAE04EC0-301F-11D3-BF4B-00C04F79EFBC}") = "Nested", "Nested\Nested.csproj", "{BD785F59-4561-4DDB-898A-4DBCD5F6E8A2}"
EndProject
Project("{FAE04EC0-301F-11D3-BF4B-00C04F79EFBC}") = "Generics", "Generics\Generics.csproj", "{2F3722F9-4BEC-4713-A111-16613168CC01}"
EndProject
Project("{FAE04EC0-301F-11D3-BF4B-00C04F79EFBC}") = "ExerciseDay5", "ExerciseDay5\ExerciseDay5.csproj", "{97D4F333-0782-4D03-81D7-8119EE1189CE}"
EndProject
Project("{FAE04EC0-301F-11D3-BF4B-00C04F79EFBC}") = "Delegates", "Delegates\Delegates.csproj", "{63D14C3E-FC01-4B7A-8E8A-4158DB40E8FA}"
EndProject
Project("{FAE04EC0-301F-11D3-BF4B-00C04F79EFBC}") = "EventHandler", "EventHandler\EventHandler.csproj", "{5CA44790-C22D-4F42-B053-03539EC78543}"
EndProject
Project("{FAE04EC0-301F-11D3-BF4B-00C04F79EFBC}") = "TryStatementsAndExceptions", "TryStatementsAndExceptions\TryStatementsAndExceptions.csproj", "{0EE3E3D6-CE13-4676-B0B0-320618AAA1C1}"
EndProject
Project("{FAE04EC0-301F-11D3-BF4B-00C04F79EFBC}") = "NullableValueTypes", "NullableValueTypes\NullableValueTypes.csproj", "{7AC28003-0D69-4B10-86A3-63D16F4FBAF3}"
EndProject
Project("{FAE04EC0-301F-11D3-BF4B-00C04F79EFBC}") = "OperatorOverloading", "OperatorOverloading\OperatorOverloading.csproj", "{21AB419A-A758-4580-8358-0BF60984CB0C}"
EndProject
Project("{FAE04EC0-301F-11D3-BF4B-00C04F79EFBC}") = "ExerciseDay7", "ExerciseDay7\ExerciseDay7.csproj", "{80BBA880-6CCA-4500-B10D-6CE38F71949C}"
EndProject
Project("{FAE04EC0-301F-11D3-BF4B-00C04F79EFBC}") = "LudoGame", "LudoGame\LudoGame.csproj", "{30284247-14E8-4358-825B-7E9876BEFE83}"
EndProject
Project("{FAE04EC0-301F-11D3-BF4B-00C04F79EFBC}") = "thirdLogicExercise", "thirdLogicExercise\thirdLogicExercise.csproj", "{4793ED9B-2FB9-4554-A3BB-9BE88ADDEC89}"
EndProject
Global
	GlobalSection(SolutionConfigurationPlatforms) = preSolution
		Debug|Any CPU = Debug|Any CPU
		Release|Any CPU = Release|Any CPU
	EndGlobalSection
	GlobalSection(SolutionProperties) = preSolution
		HideSolutionNode = FALSE
	EndGlobalSection
	GlobalSection(ProjectConfigurationPlatforms) = postSolution
		{F0600661-0452-4F11-A2C0-909491761D01}.Debug|Any CPU.ActiveCfg = Debug|Any CPU
		{F0600661-0452-4F11-A2C0-909491761D01}.Debug|Any CPU.Build.0 = Debug|Any CPU
		{F0600661-0452-4F11-A2C0-909491761D01}.Release|Any CPU.ActiveCfg = Release|Any CPU
		{F0600661-0452-4F11-A2C0-909491761D01}.Release|Any CPU.Build.0 = Release|Any CPU
		{9E4508DF-E0F8-4775-9E84-7FACDF7B3CCD}.Debug|Any CPU.ActiveCfg = Debug|Any CPU
		{9E4508DF-E0F8-4775-9E84-7FACDF7B3CCD}.Debug|Any CPU.Build.0 = Debug|Any CPU
		{9E4508DF-E0F8-4775-9E84-7FACDF7B3CCD}.Release|Any CPU.ActiveCfg = Release|Any CPU
		{9E4508DF-E0F8-4775-9E84-7FACDF7B3CCD}.Release|Any CPU.Build.0 = Release|Any CPU
		{E82F9B38-CEE4-4D93-A765-B473C9E63AD6}.Debug|Any CPU.ActiveCfg = Debug|Any CPU
		{E82F9B38-CEE4-4D93-A765-B473C9E63AD6}.Debug|Any CPU.Build.0 = Debug|Any CPU
		{E82F9B38-CEE4-4D93-A765-B473C9E63AD6}.Release|Any CPU.ActiveCfg = Release|Any CPU
		{E82F9B38-CEE4-4D93-A765-B473C9E63AD6}.Release|Any CPU.Build.0 = Release|Any CPU
		{D601EDAC-D152-4710-9EAC-F6D295610C97}.Debug|Any CPU.ActiveCfg = Debug|Any CPU
		{D601EDAC-D152-4710-9EAC-F6D295610C97}.Debug|Any CPU.Build.0 = Debug|Any CPU
		{D601EDAC-D152-4710-9EAC-F6D295610C97}.Release|Any CPU.ActiveCfg = Release|Any CPU
		{D601EDAC-D152-4710-9EAC-F6D295610C97}.Release|Any CPU.Build.0 = Release|Any CPU
		{BFDF10B0-B85E-40A8-9FA8-E711F1EC9B32}.Debug|Any CPU.ActiveCfg = Debug|Any CPU
		{BFDF10B0-B85E-40A8-9FA8-E711F1EC9B32}.Debug|Any CPU.Build.0 = Debug|Any CPU
		{BFDF10B0-B85E-40A8-9FA8-E711F1EC9B32}.Release|Any CPU.ActiveCfg = Release|Any CPU
		{BFDF10B0-B85E-40A8-9FA8-E711F1EC9B32}.Release|Any CPU.Build.0 = Release|Any CPU
		{0E0E5495-F413-46C0-8841-AC879188717F}.Debug|Any CPU.ActiveCfg = Debug|Any CPU
		{0E0E5495-F413-46C0-8841-AC879188717F}.Debug|Any CPU.Build.0 = Debug|Any CPU
		{0E0E5495-F413-46C0-8841-AC879188717F}.Release|Any CPU.ActiveCfg = Release|Any CPU
		{0E0E5495-F413-46C0-8841-AC879188717F}.Release|Any CPU.Build.0 = Release|Any CPU
		{EBF21675-DC96-4BC9-B7D2-FD53ADA0660E}.Debug|Any CPU.ActiveCfg = Debug|Any CPU
		{EBF21675-DC96-4BC9-B7D2-FD53ADA0660E}.Debug|Any CPU.Build.0 = Debug|Any CPU
		{EBF21675-DC96-4BC9-B7D2-FD53ADA0660E}.Release|Any CPU.ActiveCfg = Release|Any CPU
		{EBF21675-DC96-4BC9-B7D2-FD53ADA0660E}.Release|Any CPU.Build.0 = Release|Any CPU
		{099DEA44-493B-44BD-8AB8-30541DEBA22C}.Debug|Any CPU.ActiveCfg = Debug|Any CPU
		{099DEA44-493B-44BD-8AB8-30541DEBA22C}.Debug|Any CPU.Build.0 = Debug|Any CPU
		{099DEA44-493B-44BD-8AB8-30541DEBA22C}.Release|Any CPU.ActiveCfg = Release|Any CPU
		{099DEA44-493B-44BD-8AB8-30541DEBA22C}.Release|Any CPU.Build.0 = Release|Any CPU
		{8A08C1B1-9C9C-43E0-93A4-D45C92D7D6F3}.Debug|Any CPU.ActiveCfg = Debug|Any CPU
		{8A08C1B1-9C9C-43E0-93A4-D45C92D7D6F3}.Debug|Any CPU.Build.0 = Debug|Any CPU
		{8A08C1B1-9C9C-43E0-93A4-D45C92D7D6F3}.Release|Any CPU.ActiveCfg = Release|Any CPU
		{8A08C1B1-9C9C-43E0-93A4-D45C92D7D6F3}.Release|Any CPU.Build.0 = Release|Any CPU
		{B11E6003-E95D-42E4-A62F-DC97CD4209BF}.Debug|Any CPU.ActiveCfg = Debug|Any CPU
		{B11E6003-E95D-42E4-A62F-DC97CD4209BF}.Debug|Any CPU.Build.0 = Debug|Any CPU
		{B11E6003-E95D-42E4-A62F-DC97CD4209BF}.Release|Any CPU.ActiveCfg = Release|Any CPU
		{B11E6003-E95D-42E4-A62F-DC97CD4209BF}.Release|Any CPU.Build.0 = Release|Any CPU
		{83583800-0825-4B1E-8316-C2DBE29E522F}.Debug|Any CPU.ActiveCfg = Debug|Any CPU
		{83583800-0825-4B1E-8316-C2DBE29E522F}.Debug|Any CPU.Build.0 = Debug|Any CPU
		{83583800-0825-4B1E-8316-C2DBE29E522F}.Release|Any CPU.ActiveCfg = Release|Any CPU
		{83583800-0825-4B1E-8316-C2DBE29E522F}.Release|Any CPU.Build.0 = Release|Any CPU
		{E87D49B8-D20E-4E6E-8F62-DA9DA84912AA}.Debug|Any CPU.ActiveCfg = Debug|Any CPU
		{E87D49B8-D20E-4E6E-8F62-DA9DA84912AA}.Debug|Any CPU.Build.0 = Debug|Any CPU
		{E87D49B8-D20E-4E6E-8F62-DA9DA84912AA}.Release|Any CPU.ActiveCfg = Release|Any CPU
		{E87D49B8-D20E-4E6E-8F62-DA9DA84912AA}.Release|Any CPU.Build.0 = Release|Any CPU
		{5AF2EB80-9F4E-475C-8828-90A9EF469CFE}.Debug|Any CPU.ActiveCfg = Debug|Any CPU
		{5AF2EB80-9F4E-475C-8828-90A9EF469CFE}.Debug|Any CPU.Build.0 = Debug|Any CPU
		{5AF2EB80-9F4E-475C-8828-90A9EF469CFE}.Release|Any CPU.ActiveCfg = Release|Any CPU
		{5AF2EB80-9F4E-475C-8828-90A9EF469CFE}.Release|Any CPU.Build.0 = Release|Any CPU
		{9EA9202F-C144-4718-8982-97B2369DF6BB}.Debug|Any CPU.ActiveCfg = Debug|Any CPU
		{9EA9202F-C144-4718-8982-97B2369DF6BB}.Debug|Any CPU.Build.0 = Debug|Any CPU
		{9EA9202F-C144-4718-8982-97B2369DF6BB}.Release|Any CPU.ActiveCfg = Release|Any CPU
		{9EA9202F-C144-4718-8982-97B2369DF6BB}.Release|Any CPU.Build.0 = Release|Any CPU
		{4D844582-3F44-4C05-96F1-90CD96612DB4}.Debug|Any CPU.ActiveCfg = Debug|Any CPU
		{4D844582-3F44-4C05-96F1-90CD96612DB4}.Debug|Any CPU.Build.0 = Debug|Any CPU
		{4D844582-3F44-4C05-96F1-90CD96612DB4}.Release|Any CPU.ActiveCfg = Release|Any CPU
		{4D844582-3F44-4C05-96F1-90CD96612DB4}.Release|Any CPU.Build.0 = Release|Any CPU
		{DEA9795F-2AD4-4B99-86C9-191F1FB3B691}.Debug|Any CPU.ActiveCfg = Debug|Any CPU
		{DEA9795F-2AD4-4B99-86C9-191F1FB3B691}.Debug|Any CPU.Build.0 = Debug|Any CPU
		{DEA9795F-2AD4-4B99-86C9-191F1FB3B691}.Release|Any CPU.ActiveCfg = Release|Any CPU
		{DEA9795F-2AD4-4B99-86C9-191F1FB3B691}.Release|Any CPU.Build.0 = Release|Any CPU
		{444BEE21-3B6D-411F-81A9-F598262FDFE7}.Debug|Any CPU.ActiveCfg = Debug|Any CPU
		{444BEE21-3B6D-411F-81A9-F598262FDFE7}.Debug|Any CPU.Build.0 = Debug|Any CPU
		{444BEE21-3B6D-411F-81A9-F598262FDFE7}.Release|Any CPU.ActiveCfg = Release|Any CPU
		{444BEE21-3B6D-411F-81A9-F598262FDFE7}.Release|Any CPU.Build.0 = Release|Any CPU
		{BD785F59-4561-4DDB-898A-4DBCD5F6E8A2}.Debug|Any CPU.ActiveCfg = Debug|Any CPU
		{BD785F59-4561-4DDB-898A-4DBCD5F6E8A2}.Debug|Any CPU.Build.0 = Debug|Any CPU
		{BD785F59-4561-4DDB-898A-4DBCD5F6E8A2}.Release|Any CPU.ActiveCfg = Release|Any CPU
		{BD785F59-4561-4DDB-898A-4DBCD5F6E8A2}.Release|Any CPU.Build.0 = Release|Any CPU
		{2F3722F9-4BEC-4713-A111-16613168CC01}.Debug|Any CPU.ActiveCfg = Debug|Any CPU
		{2F3722F9-4BEC-4713-A111-16613168CC01}.Debug|Any CPU.Build.0 = Debug|Any CPU
		{2F3722F9-4BEC-4713-A111-16613168CC01}.Release|Any CPU.ActiveCfg = Release|Any CPU
		{2F3722F9-4BEC-4713-A111-16613168CC01}.Release|Any CPU.Build.0 = Release|Any CPU
		{97D4F333-0782-4D03-81D7-8119EE1189CE}.Debug|Any CPU.ActiveCfg = Debug|Any CPU
		{97D4F333-0782-4D03-81D7-8119EE1189CE}.Debug|Any CPU.Build.0 = Debug|Any CPU
		{97D4F333-0782-4D03-81D7-8119EE1189CE}.Release|Any CPU.ActiveCfg = Release|Any CPU
		{97D4F333-0782-4D03-81D7-8119EE1189CE}.Release|Any CPU.Build.0 = Release|Any CPU
		{63D14C3E-FC01-4B7A-8E8A-4158DB40E8FA}.Debug|Any CPU.ActiveCfg = Debug|Any CPU
		{63D14C3E-FC01-4B7A-8E8A-4158DB40E8FA}.Debug|Any CPU.Build.0 = Debug|Any CPU
		{63D14C3E-FC01-4B7A-8E8A-4158DB40E8FA}.Release|Any CPU.ActiveCfg = Release|Any CPU
		{63D14C3E-FC01-4B7A-8E8A-4158DB40E8FA}.Release|Any CPU.Build.0 = Release|Any CPU
		{5CA44790-C22D-4F42-B053-03539EC78543}.Debug|Any CPU.ActiveCfg = Debug|Any CPU
		{5CA44790-C22D-4F42-B053-03539EC78543}.Debug|Any CPU.Build.0 = Debug|Any CPU
		{5CA44790-C22D-4F42-B053-03539EC78543}.Release|Any CPU.ActiveCfg = Release|Any CPU
		{5CA44790-C22D-4F42-B053-03539EC78543}.Release|Any CPU.Build.0 = Release|Any CPU
		{0EE3E3D6-CE13-4676-B0B0-320618AAA1C1}.Debug|Any CPU.ActiveCfg = Debug|Any CPU
		{0EE3E3D6-CE13-4676-B0B0-320618AAA1C1}.Debug|Any CPU.Build.0 = Debug|Any CPU
		{0EE3E3D6-CE13-4676-B0B0-320618AAA1C1}.Release|Any CPU.ActiveCfg = Release|Any CPU
		{0EE3E3D6-CE13-4676-B0B0-320618AAA1C1}.Release|Any CPU.Build.0 = Release|Any CPU
		{7AC28003-0D69-4B10-86A3-63D16F4FBAF3}.Debug|Any CPU.ActiveCfg = Debug|Any CPU
		{7AC28003-0D69-4B10-86A3-63D16F4FBAF3}.Debug|Any CPU.Build.0 = Debug|Any CPU
		{7AC28003-0D69-4B10-86A3-63D16F4FBAF3}.Release|Any CPU.ActiveCfg = Release|Any CPU
		{7AC28003-0D69-4B10-86A3-63D16F4FBAF3}.Release|Any CPU.Build.0 = Release|Any CPU
		{21AB419A-A758-4580-8358-0BF60984CB0C}.Debug|Any CPU.ActiveCfg = Debug|Any CPU
		{21AB419A-A758-4580-8358-0BF60984CB0C}.Debug|Any CPU.Build.0 = Debug|Any CPU
		{21AB419A-A758-4580-8358-0BF60984CB0C}.Release|Any CPU.ActiveCfg = Release|Any CPU
		{21AB419A-A758-4580-8358-0BF60984CB0C}.Release|Any CPU.Build.0 = Release|Any CPU
		{80BBA880-6CCA-4500-B10D-6CE38F71949C}.Debug|Any CPU.ActiveCfg = Debug|Any CPU
		{80BBA880-6CCA-4500-B10D-6CE38F71949C}.Debug|Any CPU.Build.0 = Debug|Any CPU
		{80BBA880-6CCA-4500-B10D-6CE38F71949C}.Release|Any CPU.ActiveCfg = Release|Any CPU
		{80BBA880-6CCA-4500-B10D-6CE38F71949C}.Release|Any CPU.Build.0 = Release|Any CPU
		{30284247-14E8-4358-825B-7E9876BEFE83}.Debug|Any CPU.ActiveCfg = Debug|Any CPU
		{30284247-14E8-4358-825B-7E9876BEFE83}.Debug|Any CPU.Build.0 = Debug|Any CPU
		{30284247-14E8-4358-825B-7E9876BEFE83}.Release|Any CPU.ActiveCfg = Release|Any CPU
		{30284247-14E8-4358-825B-7E9876BEFE83}.Release|Any CPU.Build.0 = Release|Any CPU
		{4793ED9B-2FB9-4554-A3BB-9BE88ADDEC89}.Debug|Any CPU.ActiveCfg = Debug|Any CPU
		{4793ED9B-2FB9-4554-A3BB-9BE88ADDEC89}.Debug|Any CPU.Build.0 = Debug|Any CPU
		{4793ED9B-2FB9-4554-A3BB-9BE88ADDEC89}.Release|Any CPU.ActiveCfg = Release|Any CPU
		{4793ED9B-2FB9-4554-A3BB-9BE88ADDEC89}.Release|Any CPU.Build.0 = Release|Any CPU
	EndGlobalSection
EndGlobal
