
Microsoft Visual Studio Solution File, Format Version 12.00
# Visual Studio Version 17
VisualStudioVersion = 17.0.31903.59
MinimumVisualStudioVersion = 10.0.40219.1
Project("{FAE04EC0-301F-11D3-BF4B-00C04F79EFBC}") = "ConsoleApp1", "Exercise\ConsoleApp1\ConsoleApp1.csproj", "{F0600661-0452-4F11-A2C0-909491761D01}"
EndProject
Project("{FAE04EC0-301F-11D3-BF4B-00C04F79EFBC}") = "BizzBuzz", "LogicExercise\BizzBuzz\BizzBuzz.csproj", "{9E4508DF-E0F8-4775-9E84-7FACDF7B3CCD}"
EndProject
Project("{FAE04EC0-301F-11D3-BF4B-00C04F79EFBC}") = "Calculator", "TryProject\Calculator\Calculator.csproj", "{E82F9B38-CEE4-4D93-A765-B473C9E63AD6}"
EndProject
Project("{FAE04EC0-301F-11D3-BF4B-00C04F79EFBC}") = "ClassParameter", "Exercise\ClassParameter\ClassParameter.csproj", "{D601EDAC-D152-4710-9EAC-F6D295610C97}"
EndProject
Project("{FAE04EC0-301F-11D3-BF4B-00C04F79EFBC}") = "ClassStructure", "Exercise\ClassStructure\ClassStructure.csproj", "{BFDF10B0-B85E-40A8-9FA8-E711F1EC9B32}"
EndProject
Project("{FAE04EC0-301F-11D3-BF4B-00C04F79EFBC}") = "ConstructorOverloading", "Exercise\ConstructorOverloading\ConstructorOverloading.csproj", "{0E0E5495-F413-46C0-8841-AC879188717F}"
EndProject
Project("{FAE04EC0-301F-11D3-BF4B-00C04F79EFBC}") = "Composition", "Exercise\Composition\Composition.csproj", "{EBF21675-DC96-4BC9-B7D2-FD53ADA0660E}"
EndProject
Project("{FAE04EC0-301F-11D3-BF4B-00C04F79EFBC}") = "ExerciseDay1", "Exercise\ExerciseDay1\ExerciseDay1.csproj", "{099DEA44-493B-44BD-8AB8-30541DEBA22C}"
EndProject
Project("{FAE04EC0-301F-11D3-BF4B-00C04F79EFBC}") = "ExerciseDay2", "Exercise\ExerciseDay2\ExerciseDay2.csproj", "{B11E6003-E95D-42E4-A62F-DC97CD4209BF}"
EndProject
Project("{FAE04EC0-301F-11D3-BF4B-00C04F79EFBC}") = "ExerciseDay3", "Exercise\ExerciseDay3\ExerciseDay3.csproj", "{83583800-0825-4B1E-8316-C2DBE29E522F}"
EndProject
Project("{FAE04EC0-301F-11D3-BF4B-00C04F79EFBC}") = "SecondLogicExercise", "LogicExercise\SecondLogicExercise\SecondLogicExercise.csproj", "{E87D49B8-D20E-4E6E-8F62-DA9DA84912AA}"
EndProject
Project("{FAE04EC0-301F-11D3-BF4B-00C04F79EFBC}") = "Inheritance", "Exercise\Inheritance\Inheritance.csproj", "{5AF2EB80-9F4E-475C-8828-90A9EF469CFE}"
EndProject
Project("{FAE04EC0-301F-11D3-BF4B-00C04F79EFBC}") = "TheObjectType", "Exercise\TheObjectType\TheObjectType.csproj", "{9EA9202F-C144-4718-8982-97B2369DF6BB}"
EndProject
Project("{FAE04EC0-301F-11D3-BF4B-00C04F79EFBC}") = "Structs", "Exercise\Structs\Structs.csproj", "{4D844582-3F44-4C05-96F1-90CD96612DB4}"
EndProject
Project("{FAE04EC0-301F-11D3-BF4B-00C04F79EFBC}") = "Interfaces", "Exercise\Interfaces\Interfaces.csproj", "{DEA9795F-2AD4-4B99-86C9-191F1FB3B691}"
EndProject
Project("{FAE04EC0-301F-11D3-BF4B-00C04F79EFBC}") = "Enums", "Exercise\Enums\Enums.csproj", "{444BEE21-3B6D-411F-81A9-F598262FDFE7}"
EndProject
Project("{FAE04EC0-301F-11D3-BF4B-00C04F79EFBC}") = "Nested", "Exercise\Nested\Nested.csproj", "{BD785F59-4561-4DDB-898A-4DBCD5F6E8A2}"
EndProject
Project("{FAE04EC0-301F-11D3-BF4B-00C04F79EFBC}") = "Generics", "Exercise\Generics\Generics.csproj", "{2F3722F9-4BEC-4713-A111-16613168CC01}"
EndProject
Project("{FAE04EC0-301F-11D3-BF4B-00C04F79EFBC}") = "ExerciseDay5", "Exercise\ExerciseDay5\ExerciseDay5.csproj", "{97D4F333-0782-4D03-81D7-8119EE1189CE}"
EndProject
Project("{FAE04EC0-301F-11D3-BF4B-00C04F79EFBC}") = "Delegates", "Exercise\Delegates\Delegates.csproj", "{63D14C3E-FC01-4B7A-8E8A-4158DB40E8FA}"
EndProject
Project("{FAE04EC0-301F-11D3-BF4B-00C04F79EFBC}") = "EventHandler", "Exercise\EventHandler\EventHandler.csproj", "{5CA44790-C22D-4F42-B053-03539EC78543}"
EndProject
Project("{FAE04EC0-301F-11D3-BF4B-00C04F79EFBC}") = "TryStatementsAndExceptions", "Exercise\TryStatementsAndExceptions\TryStatementsAndExceptions.csproj", "{0EE3E3D6-CE13-4676-B0B0-320618AAA1C1}"
EndProject
Project("{FAE04EC0-301F-11D3-BF4B-00C04F79EFBC}") = "NullableValueTypes", "Exercise\NullableValueTypes\NullableValueTypes.csproj", "{7AC28003-0D69-4B10-86A3-63D16F4FBAF3}"
EndProject
Project("{FAE04EC0-301F-11D3-BF4B-00C04F79EFBC}") = "OperatorOverloading", "Exercise\OperatorOverloading\OperatorOverloading.csproj", "{21AB419A-A758-4580-8358-0BF60984CB0C}"
EndProject
Project("{FAE04EC0-301F-11D3-BF4B-00C04F79EFBC}") = "LudoGame", "GameProject\LudoGame\LudoGame.csproj", "{30284247-14E8-4358-825B-7E9876BEFE83}"
EndProject
Project("{FAE04EC0-301F-11D3-BF4B-00C04F79EFBC}") = "thirdLogicExercise", "LogicExercise\thirdLogicExercise\thirdLogicExercise.csproj", "{4793ED9B-2FB9-4554-A3BB-9BE88ADDEC89}"
EndProject
Project("{FAE04EC0-301F-11D3-BF4B-00C04F79EFBC}") = "DominoGame", "GameProject\DominoGame\DominoGame.csproj", "{544CFB2B-2EE8-4B36-B8BF-7A3B0050D0D3}"
EndProject
Project("{FAE04EC0-301F-11D3-BF4B-00C04F79EFBC}") = "MyDominoGame", "GameProject\MyDominoGame\MyDominoGame.csproj", "{131DBF95-CA12-4BFD-B656-0C7845FD8A1C}"
EndProject
Project("{FAE04EC0-301F-11D3-BF4B-00C04F79EFBC}") = "Disposal and Garbage Collection", "Exercise\Disposal and Garbage Collection\Disposal and Garbage Collection.csproj", "{4D6D6B4D-EF03-405E-A850-1E27C8291822}"
EndProject
Project("{2150E333-8FDC-42A3-9474-1A3956D46DE8}") = "1WebProject", "1WebProject", "{5097AF04-51CE-65AE-C193-97AD53DD5885}"
EndProject
Project("{FAE04EC0-301F-11D3-BF4B-00C04F79EFBC}") = "ToDoList", "1WebProject\ToDoList\ToDoList.csproj", "{C1F6B42C-6824-492F-8E14-9469D37934D0}"
EndProject
Project("{FAE04EC0-301F-11D3-BF4B-00C04F79EFBC}") = "HospitalPatient", "1WebProject\HospitalPatient\HospitalPatient.csproj", "{BD0B1BDE-186F-4995-AFD5-721A0FAD2A1D}"
EndProject
Global
	GlobalSection(SolutionConfigurationPlatforms) = preSolution
		Debug|Any CPU = Debug|Any CPU
		Debug|x64 = Debug|x64
		Debug|x86 = Debug|x86
		Release|Any CPU = Release|Any CPU
		Release|x64 = Release|x64
		Release|x86 = Release|x86
	EndGlobalSection
	GlobalSection(ProjectConfigurationPlatforms) = postSolution
		{F0600661-0452-4F11-A2C0-909491761D01}.Debug|Any CPU.ActiveCfg = Debug|Any CPU
		{F0600661-0452-4F11-A2C0-909491761D01}.Debug|Any CPU.Build.0 = Debug|Any CPU
		{F0600661-0452-4F11-A2C0-909491761D01}.Debug|x64.ActiveCfg = Debug|Any CPU
		{F0600661-0452-4F11-A2C0-909491761D01}.Debug|x64.Build.0 = Debug|Any CPU
		{F0600661-0452-4F11-A2C0-909491761D01}.Debug|x86.ActiveCfg = Debug|Any CPU
		{F0600661-0452-4F11-A2C0-909491761D01}.Debug|x86.Build.0 = Debug|Any CPU
		{F0600661-0452-4F11-A2C0-909491761D01}.Release|Any CPU.ActiveCfg = Release|Any CPU
		{F0600661-0452-4F11-A2C0-909491761D01}.Release|Any CPU.Build.0 = Release|Any CPU
		{F0600661-0452-4F11-A2C0-909491761D01}.Release|x64.ActiveCfg = Release|Any CPU
		{F0600661-0452-4F11-A2C0-909491761D01}.Release|x64.Build.0 = Release|Any CPU
		{F0600661-0452-4F11-A2C0-909491761D01}.Release|x86.ActiveCfg = Release|Any CPU
		{F0600661-0452-4F11-A2C0-909491761D01}.Release|x86.Build.0 = Release|Any CPU
		{9E4508DF-E0F8-4775-9E84-7FACDF7B3CCD}.Debug|Any CPU.ActiveCfg = Debug|Any CPU
		{9E4508DF-E0F8-4775-9E84-7FACDF7B3CCD}.Debug|Any CPU.Build.0 = Debug|Any CPU
		{9E4508DF-E0F8-4775-9E84-7FACDF7B3CCD}.Debug|x64.ActiveCfg = Debug|Any CPU
		{9E4508DF-E0F8-4775-9E84-7FACDF7B3CCD}.Debug|x64.Build.0 = Debug|Any CPU
		{9E4508DF-E0F8-4775-9E84-7FACDF7B3CCD}.Debug|x86.ActiveCfg = Debug|Any CPU
		{9E4508DF-E0F8-4775-9E84-7FACDF7B3CCD}.Debug|x86.Build.0 = Debug|Any CPU
		{9E4508DF-E0F8-4775-9E84-7FACDF7B3CCD}.Release|Any CPU.ActiveCfg = Release|Any CPU
		{9E4508DF-E0F8-4775-9E84-7FACDF7B3CCD}.Release|Any CPU.Build.0 = Release|Any CPU
		{9E4508DF-E0F8-4775-9E84-7FACDF7B3CCD}.Release|x64.ActiveCfg = Release|Any CPU
		{9E4508DF-E0F8-4775-9E84-7FACDF7B3CCD}.Release|x64.Build.0 = Release|Any CPU
		{9E4508DF-E0F8-4775-9E84-7FACDF7B3CCD}.Release|x86.ActiveCfg = Release|Any CPU
		{9E4508DF-E0F8-4775-9E84-7FACDF7B3CCD}.Release|x86.Build.0 = Release|Any CPU
		{E82F9B38-CEE4-4D93-A765-B473C9E63AD6}.Debug|Any CPU.ActiveCfg = Debug|Any CPU
		{E82F9B38-CEE4-4D93-A765-B473C9E63AD6}.Debug|Any CPU.Build.0 = Debug|Any CPU
		{E82F9B38-CEE4-4D93-A765-B473C9E63AD6}.Debug|x64.ActiveCfg = Debug|Any CPU
		{E82F9B38-CEE4-4D93-A765-B473C9E63AD6}.Debug|x64.Build.0 = Debug|Any CPU
		{E82F9B38-CEE4-4D93-A765-B473C9E63AD6}.Debug|x86.ActiveCfg = Debug|Any CPU
		{E82F9B38-CEE4-4D93-A765-B473C9E63AD6}.Debug|x86.Build.0 = Debug|Any CPU
		{E82F9B38-CEE4-4D93-A765-B473C9E63AD6}.Release|Any CPU.ActiveCfg = Release|Any CPU
		{E82F9B38-CEE4-4D93-A765-B473C9E63AD6}.Release|Any CPU.Build.0 = Release|Any CPU
		{E82F9B38-CEE4-4D93-A765-B473C9E63AD6}.Release|x64.ActiveCfg = Release|Any CPU
		{E82F9B38-CEE4-4D93-A765-B473C9E63AD6}.Release|x64.Build.0 = Release|Any CPU
		{E82F9B38-CEE4-4D93-A765-B473C9E63AD6}.Release|x86.ActiveCfg = Release|Any CPU
		{E82F9B38-CEE4-4D93-A765-B473C9E63AD6}.Release|x86.Build.0 = Release|Any CPU
		{D601EDAC-D152-4710-9EAC-F6D295610C97}.Debug|Any CPU.ActiveCfg = Debug|Any CPU
		{D601EDAC-D152-4710-9EAC-F6D295610C97}.Debug|Any CPU.Build.0 = Debug|Any CPU
		{D601EDAC-D152-4710-9EAC-F6D295610C97}.Debug|x64.ActiveCfg = Debug|Any CPU
		{D601EDAC-D152-4710-9EAC-F6D295610C97}.Debug|x64.Build.0 = Debug|Any CPU
		{D601EDAC-D152-4710-9EAC-F6D295610C97}.Debug|x86.ActiveCfg = Debug|Any CPU
		{D601EDAC-D152-4710-9EAC-F6D295610C97}.Debug|x86.Build.0 = Debug|Any CPU
		{D601EDAC-D152-4710-9EAC-F6D295610C97}.Release|Any CPU.ActiveCfg = Release|Any CPU
		{D601EDAC-D152-4710-9EAC-F6D295610C97}.Release|Any CPU.Build.0 = Release|Any CPU
		{D601EDAC-D152-4710-9EAC-F6D295610C97}.Release|x64.ActiveCfg = Release|Any CPU
		{D601EDAC-D152-4710-9EAC-F6D295610C97}.Release|x64.Build.0 = Release|Any CPU
		{D601EDAC-D152-4710-9EAC-F6D295610C97}.Release|x86.ActiveCfg = Release|Any CPU
		{D601EDAC-D152-4710-9EAC-F6D295610C97}.Release|x86.Build.0 = Release|Any CPU
		{BFDF10B0-B85E-40A8-9FA8-E711F1EC9B32}.Debug|Any CPU.ActiveCfg = Debug|Any CPU
		{BFDF10B0-B85E-40A8-9FA8-E711F1EC9B32}.Debug|Any CPU.Build.0 = Debug|Any CPU
		{BFDF10B0-B85E-40A8-9FA8-E711F1EC9B32}.Debug|x64.ActiveCfg = Debug|Any CPU
		{BFDF10B0-B85E-40A8-9FA8-E711F1EC9B32}.Debug|x64.Build.0 = Debug|Any CPU
		{BFDF10B0-B85E-40A8-9FA8-E711F1EC9B32}.Debug|x86.ActiveCfg = Debug|Any CPU
		{BFDF10B0-B85E-40A8-9FA8-E711F1EC9B32}.Debug|x86.Build.0 = Debug|Any CPU
		{BFDF10B0-B85E-40A8-9FA8-E711F1EC9B32}.Release|Any CPU.ActiveCfg = Release|Any CPU
		{BFDF10B0-B85E-40A8-9FA8-E711F1EC9B32}.Release|Any CPU.Build.0 = Release|Any CPU
		{BFDF10B0-B85E-40A8-9FA8-E711F1EC9B32}.Release|x64.ActiveCfg = Release|Any CPU
		{BFDF10B0-B85E-40A8-9FA8-E711F1EC9B32}.Release|x64.Build.0 = Release|Any CPU
		{BFDF10B0-B85E-40A8-9FA8-E711F1EC9B32}.Release|x86.ActiveCfg = Release|Any CPU
		{BFDF10B0-B85E-40A8-9FA8-E711F1EC9B32}.Release|x86.Build.0 = Release|Any CPU
		{0E0E5495-F413-46C0-8841-AC879188717F}.Debug|Any CPU.ActiveCfg = Debug|Any CPU
		{0E0E5495-F413-46C0-8841-AC879188717F}.Debug|Any CPU.Build.0 = Debug|Any CPU
		{0E0E5495-F413-46C0-8841-AC879188717F}.Debug|x64.ActiveCfg = Debug|Any CPU
		{0E0E5495-F413-46C0-8841-AC879188717F}.Debug|x64.Build.0 = Debug|Any CPU
		{0E0E5495-F413-46C0-8841-AC879188717F}.Debug|x86.ActiveCfg = Debug|Any CPU
		{0E0E5495-F413-46C0-8841-AC879188717F}.Debug|x86.Build.0 = Debug|Any CPU
		{0E0E5495-F413-46C0-8841-AC879188717F}.Release|Any CPU.ActiveCfg = Release|Any CPU
		{0E0E5495-F413-46C0-8841-AC879188717F}.Release|Any CPU.Build.0 = Release|Any CPU
		{0E0E5495-F413-46C0-8841-AC879188717F}.Release|x64.ActiveCfg = Release|Any CPU
		{0E0E5495-F413-46C0-8841-AC879188717F}.Release|x64.Build.0 = Release|Any CPU
		{0E0E5495-F413-46C0-8841-AC879188717F}.Release|x86.ActiveCfg = Release|Any CPU
		{0E0E5495-F413-46C0-8841-AC879188717F}.Release|x86.Build.0 = Release|Any CPU
		{EBF21675-DC96-4BC9-B7D2-FD53ADA0660E}.Debug|Any CPU.ActiveCfg = Debug|Any CPU
		{EBF21675-DC96-4BC9-B7D2-FD53ADA0660E}.Debug|Any CPU.Build.0 = Debug|Any CPU
		{EBF21675-DC96-4BC9-B7D2-FD53ADA0660E}.Debug|x64.ActiveCfg = Debug|Any CPU
		{EBF21675-DC96-4BC9-B7D2-FD53ADA0660E}.Debug|x64.Build.0 = Debug|Any CPU
		{EBF21675-DC96-4BC9-B7D2-FD53ADA0660E}.Debug|x86.ActiveCfg = Debug|Any CPU
		{EBF21675-DC96-4BC9-B7D2-FD53ADA0660E}.Debug|x86.Build.0 = Debug|Any CPU
		{EBF21675-DC96-4BC9-B7D2-FD53ADA0660E}.Release|Any CPU.ActiveCfg = Release|Any CPU
		{EBF21675-DC96-4BC9-B7D2-FD53ADA0660E}.Release|Any CPU.Build.0 = Release|Any CPU
		{EBF21675-DC96-4BC9-B7D2-FD53ADA0660E}.Release|x64.ActiveCfg = Release|Any CPU
		{EBF21675-DC96-4BC9-B7D2-FD53ADA0660E}.Release|x64.Build.0 = Release|Any CPU
		{EBF21675-DC96-4BC9-B7D2-FD53ADA0660E}.Release|x86.ActiveCfg = Release|Any CPU
		{EBF21675-DC96-4BC9-B7D2-FD53ADA0660E}.Release|x86.Build.0 = Release|Any CPU
		{099DEA44-493B-44BD-8AB8-30541DEBA22C}.Debug|Any CPU.ActiveCfg = Debug|Any CPU
		{099DEA44-493B-44BD-8AB8-30541DEBA22C}.Debug|Any CPU.Build.0 = Debug|Any CPU
		{099DEA44-493B-44BD-8AB8-30541DEBA22C}.Debug|x64.ActiveCfg = Debug|Any CPU
		{099DEA44-493B-44BD-8AB8-30541DEBA22C}.Debug|x64.Build.0 = Debug|Any CPU
		{099DEA44-493B-44BD-8AB8-30541DEBA22C}.Debug|x86.ActiveCfg = Debug|Any CPU
		{099DEA44-493B-44BD-8AB8-30541DEBA22C}.Debug|x86.Build.0 = Debug|Any CPU
		{099DEA44-493B-44BD-8AB8-30541DEBA22C}.Release|Any CPU.ActiveCfg = Release|Any CPU
		{099DEA44-493B-44BD-8AB8-30541DEBA22C}.Release|Any CPU.Build.0 = Release|Any CPU
		{099DEA44-493B-44BD-8AB8-30541DEBA22C}.Release|x64.ActiveCfg = Release|Any CPU
		{099DEA44-493B-44BD-8AB8-30541DEBA22C}.Release|x64.Build.0 = Release|Any CPU
		{099DEA44-493B-44BD-8AB8-30541DEBA22C}.Release|x86.ActiveCfg = Release|Any CPU
		{099DEA44-493B-44BD-8AB8-30541DEBA22C}.Release|x86.Build.0 = Release|Any CPU
		{B11E6003-E95D-42E4-A62F-DC97CD4209BF}.Debug|Any CPU.ActiveCfg = Debug|Any CPU
		{B11E6003-E95D-42E4-A62F-DC97CD4209BF}.Debug|Any CPU.Build.0 = Debug|Any CPU
		{B11E6003-E95D-42E4-A62F-DC97CD4209BF}.Debug|x64.ActiveCfg = Debug|Any CPU
		{B11E6003-E95D-42E4-A62F-DC97CD4209BF}.Debug|x64.Build.0 = Debug|Any CPU
		{B11E6003-E95D-42E4-A62F-DC97CD4209BF}.Debug|x86.ActiveCfg = Debug|Any CPU
		{B11E6003-E95D-42E4-A62F-DC97CD4209BF}.Debug|x86.Build.0 = Debug|Any CPU
		{B11E6003-E95D-42E4-A62F-DC97CD4209BF}.Release|Any CPU.ActiveCfg = Release|Any CPU
		{B11E6003-E95D-42E4-A62F-DC97CD4209BF}.Release|Any CPU.Build.0 = Release|Any CPU
		{B11E6003-E95D-42E4-A62F-DC97CD4209BF}.Release|x64.ActiveCfg = Release|Any CPU
		{B11E6003-E95D-42E4-A62F-DC97CD4209BF}.Release|x64.Build.0 = Release|Any CPU
		{B11E6003-E95D-42E4-A62F-DC97CD4209BF}.Release|x86.ActiveCfg = Release|Any CPU
		{B11E6003-E95D-42E4-A62F-DC97CD4209BF}.Release|x86.Build.0 = Release|Any CPU
		{83583800-0825-4B1E-8316-C2DBE29E522F}.Debug|Any CPU.ActiveCfg = Debug|Any CPU
		{83583800-0825-4B1E-8316-C2DBE29E522F}.Debug|Any CPU.Build.0 = Debug|Any CPU
		{83583800-0825-4B1E-8316-C2DBE29E522F}.Debug|x64.ActiveCfg = Debug|Any CPU
		{83583800-0825-4B1E-8316-C2DBE29E522F}.Debug|x64.Build.0 = Debug|Any CPU
		{83583800-0825-4B1E-8316-C2DBE29E522F}.Debug|x86.ActiveCfg = Debug|Any CPU
		{83583800-0825-4B1E-8316-C2DBE29E522F}.Debug|x86.Build.0 = Debug|Any CPU
		{83583800-0825-4B1E-8316-C2DBE29E522F}.Release|Any CPU.ActiveCfg = Release|Any CPU
		{83583800-0825-4B1E-8316-C2DBE29E522F}.Release|Any CPU.Build.0 = Release|Any CPU
		{83583800-0825-4B1E-8316-C2DBE29E522F}.Release|x64.ActiveCfg = Release|Any CPU
		{83583800-0825-4B1E-8316-C2DBE29E522F}.Release|x64.Build.0 = Release|Any CPU
		{83583800-0825-4B1E-8316-C2DBE29E522F}.Release|x86.ActiveCfg = Release|Any CPU
		{83583800-0825-4B1E-8316-C2DBE29E522F}.Release|x86.Build.0 = Release|Any CPU
		{E87D49B8-D20E-4E6E-8F62-DA9DA84912AA}.Debug|Any CPU.ActiveCfg = Debug|Any CPU
		{E87D49B8-D20E-4E6E-8F62-DA9DA84912AA}.Debug|Any CPU.Build.0 = Debug|Any CPU
		{E87D49B8-D20E-4E6E-8F62-DA9DA84912AA}.Debug|x64.ActiveCfg = Debug|Any CPU
		{E87D49B8-D20E-4E6E-8F62-DA9DA84912AA}.Debug|x64.Build.0 = Debug|Any CPU
		{E87D49B8-D20E-4E6E-8F62-DA9DA84912AA}.Debug|x86.ActiveCfg = Debug|Any CPU
		{E87D49B8-D20E-4E6E-8F62-DA9DA84912AA}.Debug|x86.Build.0 = Debug|Any CPU
		{E87D49B8-D20E-4E6E-8F62-DA9DA84912AA}.Release|Any CPU.ActiveCfg = Release|Any CPU
		{E87D49B8-D20E-4E6E-8F62-DA9DA84912AA}.Release|Any CPU.Build.0 = Release|Any CPU
		{E87D49B8-D20E-4E6E-8F62-DA9DA84912AA}.Release|x64.ActiveCfg = Release|Any CPU
		{E87D49B8-D20E-4E6E-8F62-DA9DA84912AA}.Release|x64.Build.0 = Release|Any CPU
		{E87D49B8-D20E-4E6E-8F62-DA9DA84912AA}.Release|x86.ActiveCfg = Release|Any CPU
		{E87D49B8-D20E-4E6E-8F62-DA9DA84912AA}.Release|x86.Build.0 = Release|Any CPU
		{5AF2EB80-9F4E-475C-8828-90A9EF469CFE}.Debug|Any CPU.ActiveCfg = Debug|Any CPU
		{5AF2EB80-9F4E-475C-8828-90A9EF469CFE}.Debug|Any CPU.Build.0 = Debug|Any CPU
		{5AF2EB80-9F4E-475C-8828-90A9EF469CFE}.Debug|x64.ActiveCfg = Debug|Any CPU
		{5AF2EB80-9F4E-475C-8828-90A9EF469CFE}.Debug|x64.Build.0 = Debug|Any CPU
		{5AF2EB80-9F4E-475C-8828-90A9EF469CFE}.Debug|x86.ActiveCfg = Debug|Any CPU
		{5AF2EB80-9F4E-475C-8828-90A9EF469CFE}.Debug|x86.Build.0 = Debug|Any CPU
		{5AF2EB80-9F4E-475C-8828-90A9EF469CFE}.Release|Any CPU.ActiveCfg = Release|Any CPU
		{5AF2EB80-9F4E-475C-8828-90A9EF469CFE}.Release|Any CPU.Build.0 = Release|Any CPU
		{5AF2EB80-9F4E-475C-8828-90A9EF469CFE}.Release|x64.ActiveCfg = Release|Any CPU
		{5AF2EB80-9F4E-475C-8828-90A9EF469CFE}.Release|x64.Build.0 = Release|Any CPU
		{5AF2EB80-9F4E-475C-8828-90A9EF469CFE}.Release|x86.ActiveCfg = Release|Any CPU
		{5AF2EB80-9F4E-475C-8828-90A9EF469CFE}.Release|x86.Build.0 = Release|Any CPU
		{9EA9202F-C144-4718-8982-97B2369DF6BB}.Debug|Any CPU.ActiveCfg = Debug|Any CPU
		{9EA9202F-C144-4718-8982-97B2369DF6BB}.Debug|Any CPU.Build.0 = Debug|Any CPU
		{9EA9202F-C144-4718-8982-97B2369DF6BB}.Debug|x64.ActiveCfg = Debug|Any CPU
		{9EA9202F-C144-4718-8982-97B2369DF6BB}.Debug|x64.Build.0 = Debug|Any CPU
		{9EA9202F-C144-4718-8982-97B2369DF6BB}.Debug|x86.ActiveCfg = Debug|Any CPU
		{9EA9202F-C144-4718-8982-97B2369DF6BB}.Debug|x86.Build.0 = Debug|Any CPU
		{9EA9202F-C144-4718-8982-97B2369DF6BB}.Release|Any CPU.ActiveCfg = Release|Any CPU
		{9EA9202F-C144-4718-8982-97B2369DF6BB}.Release|Any CPU.Build.0 = Release|Any CPU
		{9EA9202F-C144-4718-8982-97B2369DF6BB}.Release|x64.ActiveCfg = Release|Any CPU
		{9EA9202F-C144-4718-8982-97B2369DF6BB}.Release|x64.Build.0 = Release|Any CPU
		{9EA9202F-C144-4718-8982-97B2369DF6BB}.Release|x86.ActiveCfg = Release|Any CPU
		{9EA9202F-C144-4718-8982-97B2369DF6BB}.Release|x86.Build.0 = Release|Any CPU
		{4D844582-3F44-4C05-96F1-90CD96612DB4}.Debug|Any CPU.ActiveCfg = Debug|Any CPU
		{4D844582-3F44-4C05-96F1-90CD96612DB4}.Debug|Any CPU.Build.0 = Debug|Any CPU
		{4D844582-3F44-4C05-96F1-90CD96612DB4}.Debug|x64.ActiveCfg = Debug|Any CPU
		{4D844582-3F44-4C05-96F1-90CD96612DB4}.Debug|x64.Build.0 = Debug|Any CPU
		{4D844582-3F44-4C05-96F1-90CD96612DB4}.Debug|x86.ActiveCfg = Debug|Any CPU
		{4D844582-3F44-4C05-96F1-90CD96612DB4}.Debug|x86.Build.0 = Debug|Any CPU
		{4D844582-3F44-4C05-96F1-90CD96612DB4}.Release|Any CPU.ActiveCfg = Release|Any CPU
		{4D844582-3F44-4C05-96F1-90CD96612DB4}.Release|Any CPU.Build.0 = Release|Any CPU
		{4D844582-3F44-4C05-96F1-90CD96612DB4}.Release|x64.ActiveCfg = Release|Any CPU
		{4D844582-3F44-4C05-96F1-90CD96612DB4}.Release|x64.Build.0 = Release|Any CPU
		{4D844582-3F44-4C05-96F1-90CD96612DB4}.Release|x86.ActiveCfg = Release|Any CPU
		{4D844582-3F44-4C05-96F1-90CD96612DB4}.Release|x86.Build.0 = Release|Any CPU
		{DEA9795F-2AD4-4B99-86C9-191F1FB3B691}.Debug|Any CPU.ActiveCfg = Debug|Any CPU
		{DEA9795F-2AD4-4B99-86C9-191F1FB3B691}.Debug|Any CPU.Build.0 = Debug|Any CPU
		{DEA9795F-2AD4-4B99-86C9-191F1FB3B691}.Debug|x64.ActiveCfg = Debug|Any CPU
		{DEA9795F-2AD4-4B99-86C9-191F1FB3B691}.Debug|x64.Build.0 = Debug|Any CPU
		{DEA9795F-2AD4-4B99-86C9-191F1FB3B691}.Debug|x86.ActiveCfg = Debug|Any CPU
		{DEA9795F-2AD4-4B99-86C9-191F1FB3B691}.Debug|x86.Build.0 = Debug|Any CPU
		{DEA9795F-2AD4-4B99-86C9-191F1FB3B691}.Release|Any CPU.ActiveCfg = Release|Any CPU
		{DEA9795F-2AD4-4B99-86C9-191F1FB3B691}.Release|Any CPU.Build.0 = Release|Any CPU
		{DEA9795F-2AD4-4B99-86C9-191F1FB3B691}.Release|x64.ActiveCfg = Release|Any CPU
		{DEA9795F-2AD4-4B99-86C9-191F1FB3B691}.Release|x64.Build.0 = Release|Any CPU
		{DEA9795F-2AD4-4B99-86C9-191F1FB3B691}.Release|x86.ActiveCfg = Release|Any CPU
		{DEA9795F-2AD4-4B99-86C9-191F1FB3B691}.Release|x86.Build.0 = Release|Any CPU
		{444BEE21-3B6D-411F-81A9-F598262FDFE7}.Debug|Any CPU.ActiveCfg = Debug|Any CPU
		{444BEE21-3B6D-411F-81A9-F598262FDFE7}.Debug|Any CPU.Build.0 = Debug|Any CPU
		{444BEE21-3B6D-411F-81A9-F598262FDFE7}.Debug|x64.ActiveCfg = Debug|Any CPU
		{444BEE21-3B6D-411F-81A9-F598262FDFE7}.Debug|x64.Build.0 = Debug|Any CPU
		{444BEE21-3B6D-411F-81A9-F598262FDFE7}.Debug|x86.ActiveCfg = Debug|Any CPU
		{444BEE21-3B6D-411F-81A9-F598262FDFE7}.Debug|x86.Build.0 = Debug|Any CPU
		{444BEE21-3B6D-411F-81A9-F598262FDFE7}.Release|Any CPU.ActiveCfg = Release|Any CPU
		{444BEE21-3B6D-411F-81A9-F598262FDFE7}.Release|Any CPU.Build.0 = Release|Any CPU
		{444BEE21-3B6D-411F-81A9-F598262FDFE7}.Release|x64.ActiveCfg = Release|Any CPU
		{444BEE21-3B6D-411F-81A9-F598262FDFE7}.Release|x64.Build.0 = Release|Any CPU
		{444BEE21-3B6D-411F-81A9-F598262FDFE7}.Release|x86.ActiveCfg = Release|Any CPU
		{444BEE21-3B6D-411F-81A9-F598262FDFE7}.Release|x86.Build.0 = Release|Any CPU
		{BD785F59-4561-4DDB-898A-4DBCD5F6E8A2}.Debug|Any CPU.ActiveCfg = Debug|Any CPU
		{BD785F59-4561-4DDB-898A-4DBCD5F6E8A2}.Debug|Any CPU.Build.0 = Debug|Any CPU
		{BD785F59-4561-4DDB-898A-4DBCD5F6E8A2}.Debug|x64.ActiveCfg = Debug|Any CPU
		{BD785F59-4561-4DDB-898A-4DBCD5F6E8A2}.Debug|x64.Build.0 = Debug|Any CPU
		{BD785F59-4561-4DDB-898A-4DBCD5F6E8A2}.Debug|x86.ActiveCfg = Debug|Any CPU
		{BD785F59-4561-4DDB-898A-4DBCD5F6E8A2}.Debug|x86.Build.0 = Debug|Any CPU
		{BD785F59-4561-4DDB-898A-4DBCD5F6E8A2}.Release|Any CPU.ActiveCfg = Release|Any CPU
		{BD785F59-4561-4DDB-898A-4DBCD5F6E8A2}.Release|Any CPU.Build.0 = Release|Any CPU
		{BD785F59-4561-4DDB-898A-4DBCD5F6E8A2}.Release|x64.ActiveCfg = Release|Any CPU
		{BD785F59-4561-4DDB-898A-4DBCD5F6E8A2}.Release|x64.Build.0 = Release|Any CPU
		{BD785F59-4561-4DDB-898A-4DBCD5F6E8A2}.Release|x86.ActiveCfg = Release|Any CPU
		{BD785F59-4561-4DDB-898A-4DBCD5F6E8A2}.Release|x86.Build.0 = Release|Any CPU
		{2F3722F9-4BEC-4713-A111-16613168CC01}.Debug|Any CPU.ActiveCfg = Debug|Any CPU
		{2F3722F9-4BEC-4713-A111-16613168CC01}.Debug|Any CPU.Build.0 = Debug|Any CPU
		{2F3722F9-4BEC-4713-A111-16613168CC01}.Debug|x64.ActiveCfg = Debug|Any CPU
		{2F3722F9-4BEC-4713-A111-16613168CC01}.Debug|x64.Build.0 = Debug|Any CPU
		{2F3722F9-4BEC-4713-A111-16613168CC01}.Debug|x86.ActiveCfg = Debug|Any CPU
		{2F3722F9-4BEC-4713-A111-16613168CC01}.Debug|x86.Build.0 = Debug|Any CPU
		{2F3722F9-4BEC-4713-A111-16613168CC01}.Release|Any CPU.ActiveCfg = Release|Any CPU
		{2F3722F9-4BEC-4713-A111-16613168CC01}.Release|Any CPU.Build.0 = Release|Any CPU
		{2F3722F9-4BEC-4713-A111-16613168CC01}.Release|x64.ActiveCfg = Release|Any CPU
		{2F3722F9-4BEC-4713-A111-16613168CC01}.Release|x64.Build.0 = Release|Any CPU
		{2F3722F9-4BEC-4713-A111-16613168CC01}.Release|x86.ActiveCfg = Release|Any CPU
		{2F3722F9-4BEC-4713-A111-16613168CC01}.Release|x86.Build.0 = Release|Any CPU
		{97D4F333-0782-4D03-81D7-8119EE1189CE}.Debug|Any CPU.ActiveCfg = Debug|Any CPU
		{97D4F333-0782-4D03-81D7-8119EE1189CE}.Debug|Any CPU.Build.0 = Debug|Any CPU
		{97D4F333-0782-4D03-81D7-8119EE1189CE}.Debug|x64.ActiveCfg = Debug|Any CPU
		{97D4F333-0782-4D03-81D7-8119EE1189CE}.Debug|x64.Build.0 = Debug|Any CPU
		{97D4F333-0782-4D03-81D7-8119EE1189CE}.Debug|x86.ActiveCfg = Debug|Any CPU
		{97D4F333-0782-4D03-81D7-8119EE1189CE}.Debug|x86.Build.0 = Debug|Any CPU
		{97D4F333-0782-4D03-81D7-8119EE1189CE}.Release|Any CPU.ActiveCfg = Release|Any CPU
		{97D4F333-0782-4D03-81D7-8119EE1189CE}.Release|Any CPU.Build.0 = Release|Any CPU
		{97D4F333-0782-4D03-81D7-8119EE1189CE}.Release|x64.ActiveCfg = Release|Any CPU
		{97D4F333-0782-4D03-81D7-8119EE1189CE}.Release|x64.Build.0 = Release|Any CPU
		{97D4F333-0782-4D03-81D7-8119EE1189CE}.Release|x86.ActiveCfg = Release|Any CPU
		{97D4F333-0782-4D03-81D7-8119EE1189CE}.Release|x86.Build.0 = Release|Any CPU
		{63D14C3E-FC01-4B7A-8E8A-4158DB40E8FA}.Debug|Any CPU.ActiveCfg = Debug|Any CPU
		{63D14C3E-FC01-4B7A-8E8A-4158DB40E8FA}.Debug|Any CPU.Build.0 = Debug|Any CPU
		{63D14C3E-FC01-4B7A-8E8A-4158DB40E8FA}.Debug|x64.ActiveCfg = Debug|Any CPU
		{63D14C3E-FC01-4B7A-8E8A-4158DB40E8FA}.Debug|x64.Build.0 = Debug|Any CPU
		{63D14C3E-FC01-4B7A-8E8A-4158DB40E8FA}.Debug|x86.ActiveCfg = Debug|Any CPU
		{63D14C3E-FC01-4B7A-8E8A-4158DB40E8FA}.Debug|x86.Build.0 = Debug|Any CPU
		{63D14C3E-FC01-4B7A-8E8A-4158DB40E8FA}.Release|Any CPU.ActiveCfg = Release|Any CPU
		{63D14C3E-FC01-4B7A-8E8A-4158DB40E8FA}.Release|Any CPU.Build.0 = Release|Any CPU
		{63D14C3E-FC01-4B7A-8E8A-4158DB40E8FA}.Release|x64.ActiveCfg = Release|Any CPU
		{63D14C3E-FC01-4B7A-8E8A-4158DB40E8FA}.Release|x64.Build.0 = Release|Any CPU
		{63D14C3E-FC01-4B7A-8E8A-4158DB40E8FA}.Release|x86.ActiveCfg = Release|Any CPU
		{63D14C3E-FC01-4B7A-8E8A-4158DB40E8FA}.Release|x86.Build.0 = Release|Any CPU
		{5CA44790-C22D-4F42-B053-03539EC78543}.Debug|Any CPU.ActiveCfg = Debug|Any CPU
		{5CA44790-C22D-4F42-B053-03539EC78543}.Debug|Any CPU.Build.0 = Debug|Any CPU
		{5CA44790-C22D-4F42-B053-03539EC78543}.Debug|x64.ActiveCfg = Debug|Any CPU
		{5CA44790-C22D-4F42-B053-03539EC78543}.Debug|x64.Build.0 = Debug|Any CPU
		{5CA44790-C22D-4F42-B053-03539EC78543}.Debug|x86.ActiveCfg = Debug|Any CPU
		{5CA44790-C22D-4F42-B053-03539EC78543}.Debug|x86.Build.0 = Debug|Any CPU
		{5CA44790-C22D-4F42-B053-03539EC78543}.Release|Any CPU.ActiveCfg = Release|Any CPU
		{5CA44790-C22D-4F42-B053-03539EC78543}.Release|Any CPU.Build.0 = Release|Any CPU
		{5CA44790-C22D-4F42-B053-03539EC78543}.Release|x64.ActiveCfg = Release|Any CPU
		{5CA44790-C22D-4F42-B053-03539EC78543}.Release|x64.Build.0 = Release|Any CPU
		{5CA44790-C22D-4F42-B053-03539EC78543}.Release|x86.ActiveCfg = Release|Any CPU
		{5CA44790-C22D-4F42-B053-03539EC78543}.Release|x86.Build.0 = Release|Any CPU
		{0EE3E3D6-CE13-4676-B0B0-320618AAA1C1}.Debug|Any CPU.ActiveCfg = Debug|Any CPU
		{0EE3E3D6-CE13-4676-B0B0-320618AAA1C1}.Debug|Any CPU.Build.0 = Debug|Any CPU
		{0EE3E3D6-CE13-4676-B0B0-320618AAA1C1}.Debug|x64.ActiveCfg = Debug|Any CPU
		{0EE3E3D6-CE13-4676-B0B0-320618AAA1C1}.Debug|x64.Build.0 = Debug|Any CPU
		{0EE3E3D6-CE13-4676-B0B0-320618AAA1C1}.Debug|x86.ActiveCfg = Debug|Any CPU
		{0EE3E3D6-CE13-4676-B0B0-320618AAA1C1}.Debug|x86.Build.0 = Debug|Any CPU
		{0EE3E3D6-CE13-4676-B0B0-320618AAA1C1}.Release|Any CPU.ActiveCfg = Release|Any CPU
		{0EE3E3D6-CE13-4676-B0B0-320618AAA1C1}.Release|Any CPU.Build.0 = Release|Any CPU
		{0EE3E3D6-CE13-4676-B0B0-320618AAA1C1}.Release|x64.ActiveCfg = Release|Any CPU
		{0EE3E3D6-CE13-4676-B0B0-320618AAA1C1}.Release|x64.Build.0 = Release|Any CPU
		{0EE3E3D6-CE13-4676-B0B0-320618AAA1C1}.Release|x86.ActiveCfg = Release|Any CPU
		{0EE3E3D6-CE13-4676-B0B0-320618AAA1C1}.Release|x86.Build.0 = Release|Any CPU
		{7AC28003-0D69-4B10-86A3-63D16F4FBAF3}.Debug|Any CPU.ActiveCfg = Debug|Any CPU
		{7AC28003-0D69-4B10-86A3-63D16F4FBAF3}.Debug|Any CPU.Build.0 = Debug|Any CPU
		{7AC28003-0D69-4B10-86A3-63D16F4FBAF3}.Debug|x64.ActiveCfg = Debug|Any CPU
		{7AC28003-0D69-4B10-86A3-63D16F4FBAF3}.Debug|x64.Build.0 = Debug|Any CPU
		{7AC28003-0D69-4B10-86A3-63D16F4FBAF3}.Debug|x86.ActiveCfg = Debug|Any CPU
		{7AC28003-0D69-4B10-86A3-63D16F4FBAF3}.Debug|x86.Build.0 = Debug|Any CPU
		{7AC28003-0D69-4B10-86A3-63D16F4FBAF3}.Release|Any CPU.ActiveCfg = Release|Any CPU
		{7AC28003-0D69-4B10-86A3-63D16F4FBAF3}.Release|Any CPU.Build.0 = Release|Any CPU
		{7AC28003-0D69-4B10-86A3-63D16F4FBAF3}.Release|x64.ActiveCfg = Release|Any CPU
		{7AC28003-0D69-4B10-86A3-63D16F4FBAF3}.Release|x64.Build.0 = Release|Any CPU
		{7AC28003-0D69-4B10-86A3-63D16F4FBAF3}.Release|x86.ActiveCfg = Release|Any CPU
		{7AC28003-0D69-4B10-86A3-63D16F4FBAF3}.Release|x86.Build.0 = Release|Any CPU
		{21AB419A-A758-4580-8358-0BF60984CB0C}.Debug|Any CPU.ActiveCfg = Debug|Any CPU
		{21AB419A-A758-4580-8358-0BF60984CB0C}.Debug|Any CPU.Build.0 = Debug|Any CPU
		{21AB419A-A758-4580-8358-0BF60984CB0C}.Debug|x64.ActiveCfg = Debug|Any CPU
		{21AB419A-A758-4580-8358-0BF60984CB0C}.Debug|x64.Build.0 = Debug|Any CPU
		{21AB419A-A758-4580-8358-0BF60984CB0C}.Debug|x86.ActiveCfg = Debug|Any CPU
		{21AB419A-A758-4580-8358-0BF60984CB0C}.Debug|x86.Build.0 = Debug|Any CPU
		{21AB419A-A758-4580-8358-0BF60984CB0C}.Release|Any CPU.ActiveCfg = Release|Any CPU
		{21AB419A-A758-4580-8358-0BF60984CB0C}.Release|Any CPU.Build.0 = Release|Any CPU
		{21AB419A-A758-4580-8358-0BF60984CB0C}.Release|x64.ActiveCfg = Release|Any CPU
		{21AB419A-A758-4580-8358-0BF60984CB0C}.Release|x64.Build.0 = Release|Any CPU
		{21AB419A-A758-4580-8358-0BF60984CB0C}.Release|x86.ActiveCfg = Release|Any CPU
		{21AB419A-A758-4580-8358-0BF60984CB0C}.Release|x86.Build.0 = Release|Any CPU
		{80BBA880-6CCA-4500-B10D-6CE38F71949C}.Debug|Any CPU.ActiveCfg = Debug|Any CPU
		{80BBA880-6CCA-4500-B10D-6CE38F71949C}.Debug|Any CPU.Build.0 = Debug|Any CPU
		{80BBA880-6CCA-4500-B10D-6CE38F71949C}.Debug|x64.ActiveCfg = Debug|Any CPU
		{80BBA880-6CCA-4500-B10D-6CE38F71949C}.Debug|x64.Build.0 = Debug|Any CPU
		{80BBA880-6CCA-4500-B10D-6CE38F71949C}.Debug|x86.ActiveCfg = Debug|Any CPU
		{80BBA880-6CCA-4500-B10D-6CE38F71949C}.Debug|x86.Build.0 = Debug|Any CPU
		{80BBA880-6CCA-4500-B10D-6CE38F71949C}.Release|Any CPU.ActiveCfg = Release|Any CPU
		{80BBA880-6CCA-4500-B10D-6CE38F71949C}.Release|Any CPU.Build.0 = Release|Any CPU
		{80BBA880-6CCA-4500-B10D-6CE38F71949C}.Release|x64.ActiveCfg = Release|Any CPU
		{80BBA880-6CCA-4500-B10D-6CE38F71949C}.Release|x64.Build.0 = Release|Any CPU
		{80BBA880-6CCA-4500-B10D-6CE38F71949C}.Release|x86.ActiveCfg = Release|Any CPU
		{80BBA880-6CCA-4500-B10D-6CE38F71949C}.Release|x86.Build.0 = Release|Any CPU
		{30284247-14E8-4358-825B-7E9876BEFE83}.Debug|Any CPU.ActiveCfg = Debug|Any CPU
		{30284247-14E8-4358-825B-7E9876BEFE83}.Debug|Any CPU.Build.0 = Debug|Any CPU
		{30284247-14E8-4358-825B-7E9876BEFE83}.Debug|x64.ActiveCfg = Debug|Any CPU
		{30284247-14E8-4358-825B-7E9876BEFE83}.Debug|x64.Build.0 = Debug|Any CPU
		{30284247-14E8-4358-825B-7E9876BEFE83}.Debug|x86.ActiveCfg = Debug|Any CPU
		{30284247-14E8-4358-825B-7E9876BEFE83}.Debug|x86.Build.0 = Debug|Any CPU
		{30284247-14E8-4358-825B-7E9876BEFE83}.Release|Any CPU.ActiveCfg = Release|Any CPU
		{30284247-14E8-4358-825B-7E9876BEFE83}.Release|Any CPU.Build.0 = Release|Any CPU
		{30284247-14E8-4358-825B-7E9876BEFE83}.Release|x64.ActiveCfg = Release|Any CPU
		{30284247-14E8-4358-825B-7E9876BEFE83}.Release|x64.Build.0 = Release|Any CPU
		{30284247-14E8-4358-825B-7E9876BEFE83}.Release|x86.ActiveCfg = Release|Any CPU
		{30284247-14E8-4358-825B-7E9876BEFE83}.Release|x86.Build.0 = Release|Any CPU
		{4793ED9B-2FB9-4554-A3BB-9BE88ADDEC89}.Debug|Any CPU.ActiveCfg = Debug|Any CPU
		{4793ED9B-2FB9-4554-A3BB-9BE88ADDEC89}.Debug|Any CPU.Build.0 = Debug|Any CPU
		{4793ED9B-2FB9-4554-A3BB-9BE88ADDEC89}.Debug|x64.ActiveCfg = Debug|Any CPU
		{4793ED9B-2FB9-4554-A3BB-9BE88ADDEC89}.Debug|x64.Build.0 = Debug|Any CPU
		{4793ED9B-2FB9-4554-A3BB-9BE88ADDEC89}.Debug|x86.ActiveCfg = Debug|Any CPU
		{4793ED9B-2FB9-4554-A3BB-9BE88ADDEC89}.Debug|x86.Build.0 = Debug|Any CPU
		{4793ED9B-2FB9-4554-A3BB-9BE88ADDEC89}.Release|Any CPU.ActiveCfg = Release|Any CPU
		{4793ED9B-2FB9-4554-A3BB-9BE88ADDEC89}.Release|Any CPU.Build.0 = Release|Any CPU
		{4793ED9B-2FB9-4554-A3BB-9BE88ADDEC89}.Release|x64.ActiveCfg = Release|Any CPU
		{4793ED9B-2FB9-4554-A3BB-9BE88ADDEC89}.Release|x64.Build.0 = Release|Any CPU
		{4793ED9B-2FB9-4554-A3BB-9BE88ADDEC89}.Release|x86.ActiveCfg = Release|Any CPU
		{4793ED9B-2FB9-4554-A3BB-9BE88ADDEC89}.Release|x86.Build.0 = Release|Any CPU
		{544CFB2B-2EE8-4B36-B8BF-7A3B0050D0D3}.Debug|Any CPU.ActiveCfg = Debug|Any CPU
		{544CFB2B-2EE8-4B36-B8BF-7A3B0050D0D3}.Debug|Any CPU.Build.0 = Debug|Any CPU
		{544CFB2B-2EE8-4B36-B8BF-7A3B0050D0D3}.Debug|x64.ActiveCfg = Debug|Any CPU
		{544CFB2B-2EE8-4B36-B8BF-7A3B0050D0D3}.Debug|x64.Build.0 = Debug|Any CPU
		{544CFB2B-2EE8-4B36-B8BF-7A3B0050D0D3}.Debug|x86.ActiveCfg = Debug|Any CPU
		{544CFB2B-2EE8-4B36-B8BF-7A3B0050D0D3}.Debug|x86.Build.0 = Debug|Any CPU
		{544CFB2B-2EE8-4B36-B8BF-7A3B0050D0D3}.Release|Any CPU.ActiveCfg = Release|Any CPU
		{544CFB2B-2EE8-4B36-B8BF-7A3B0050D0D3}.Release|Any CPU.Build.0 = Release|Any CPU
		{544CFB2B-2EE8-4B36-B8BF-7A3B0050D0D3}.Release|x64.ActiveCfg = Release|Any CPU
		{544CFB2B-2EE8-4B36-B8BF-7A3B0050D0D3}.Release|x64.Build.0 = Release|Any CPU
		{544CFB2B-2EE8-4B36-B8BF-7A3B0050D0D3}.Release|x86.ActiveCfg = Release|Any CPU
		{544CFB2B-2EE8-4B36-B8BF-7A3B0050D0D3}.Release|x86.Build.0 = Release|Any CPU
		{131DBF95-CA12-4BFD-B656-0C7845FD8A1C}.Debug|Any CPU.ActiveCfg = Debug|Any CPU
		{131DBF95-CA12-4BFD-B656-0C7845FD8A1C}.Debug|Any CPU.Build.0 = Debug|Any CPU
		{131DBF95-CA12-4BFD-B656-0C7845FD8A1C}.Debug|x64.ActiveCfg = Debug|Any CPU
		{131DBF95-CA12-4BFD-B656-0C7845FD8A1C}.Debug|x64.Build.0 = Debug|Any CPU
		{131DBF95-CA12-4BFD-B656-0C7845FD8A1C}.Debug|x86.ActiveCfg = Debug|Any CPU
		{131DBF95-CA12-4BFD-B656-0C7845FD8A1C}.Debug|x86.Build.0 = Debug|Any CPU
		{131DBF95-CA12-4BFD-B656-0C7845FD8A1C}.Release|Any CPU.ActiveCfg = Release|Any CPU
		{131DBF95-CA12-4BFD-B656-0C7845FD8A1C}.Release|Any CPU.Build.0 = Release|Any CPU
		{131DBF95-CA12-4BFD-B656-0C7845FD8A1C}.Release|x64.ActiveCfg = Release|Any CPU
		{131DBF95-CA12-4BFD-B656-0C7845FD8A1C}.Release|x64.Build.0 = Release|Any CPU
		{131DBF95-CA12-4BFD-B656-0C7845FD8A1C}.Release|x86.ActiveCfg = Release|Any CPU
		{131DBF95-CA12-4BFD-B656-0C7845FD8A1C}.Release|x86.Build.0 = Release|Any CPU
		{4D6D6B4D-EF03-405E-A850-1E27C8291822}.Debug|Any CPU.ActiveCfg = Debug|Any CPU
		{4D6D6B4D-EF03-405E-A850-1E27C8291822}.Debug|Any CPU.Build.0 = Debug|Any CPU
		{4D6D6B4D-EF03-405E-A850-1E27C8291822}.Debug|x64.ActiveCfg = Debug|Any CPU
		{4D6D6B4D-EF03-405E-A850-1E27C8291822}.Debug|x64.Build.0 = Debug|Any CPU
		{4D6D6B4D-EF03-405E-A850-1E27C8291822}.Debug|x86.ActiveCfg = Debug|Any CPU
		{4D6D6B4D-EF03-405E-A850-1E27C8291822}.Debug|x86.Build.0 = Debug|Any CPU
		{4D6D6B4D-EF03-405E-A850-1E27C8291822}.Release|Any CPU.ActiveCfg = Release|Any CPU
		{4D6D6B4D-EF03-405E-A850-1E27C8291822}.Release|Any CPU.Build.0 = Release|Any CPU
		{4D6D6B4D-EF03-405E-A850-1E27C8291822}.Release|x64.ActiveCfg = Release|Any CPU
		{4D6D6B4D-EF03-405E-A850-1E27C8291822}.Release|x64.Build.0 = Release|Any CPU
		{4D6D6B4D-EF03-405E-A850-1E27C8291822}.Release|x86.ActiveCfg = Release|Any CPU
		{4D6D6B4D-EF03-405E-A850-1E27C8291822}.Release|x86.Build.0 = Release|Any CPU
		{C1F6B42C-6824-492F-8E14-9469D37934D0}.Debug|Any CPU.ActiveCfg = Debug|Any CPU
		{C1F6B42C-6824-492F-8E14-9469D37934D0}.Debug|Any CPU.Build.0 = Debug|Any CPU
		{C1F6B42C-6824-492F-8E14-9469D37934D0}.Debug|x64.ActiveCfg = Debug|Any CPU
		{C1F6B42C-6824-492F-8E14-9469D37934D0}.Debug|x64.Build.0 = Debug|Any CPU
		{C1F6B42C-6824-492F-8E14-9469D37934D0}.Debug|x86.ActiveCfg = Debug|Any CPU
		{C1F6B42C-6824-492F-8E14-9469D37934D0}.Debug|x86.Build.0 = Debug|Any CPU
		{C1F6B42C-6824-492F-8E14-9469D37934D0}.Release|Any CPU.ActiveCfg = Release|Any CPU
		{C1F6B42C-6824-492F-8E14-9469D37934D0}.Release|Any CPU.Build.0 = Release|Any CPU
		{C1F6B42C-6824-492F-8E14-9469D37934D0}.Release|x64.ActiveCfg = Release|Any CPU
		{C1F6B42C-6824-492F-8E14-9469D37934D0}.Release|x64.Build.0 = Release|Any CPU
		{C1F6B42C-6824-492F-8E14-9469D37934D0}.Release|x86.ActiveCfg = Release|Any CPU
		{C1F6B42C-6824-492F-8E14-9469D37934D0}.Release|x86.Build.0 = Release|Any CPU
		{BD0B1BDE-186F-4995-AFD5-721A0FAD2A1D}.Debug|Any CPU.ActiveCfg = Debug|Any CPU
		{BD0B1BDE-186F-4995-AFD5-721A0FAD2A1D}.Debug|Any CPU.Build.0 = Debug|Any CPU
		{BD0B1BDE-186F-4995-AFD5-721A0FAD2A1D}.Debug|x64.ActiveCfg = Debug|Any CPU
		{BD0B1BDE-186F-4995-AFD5-721A0FAD2A1D}.Debug|x64.Build.0 = Debug|Any CPU
		{BD0B1BDE-186F-4995-AFD5-721A0FAD2A1D}.Debug|x86.ActiveCfg = Debug|Any CPU
		{BD0B1BDE-186F-4995-AFD5-721A0FAD2A1D}.Debug|x86.Build.0 = Debug|Any CPU
		{BD0B1BDE-186F-4995-AFD5-721A0FAD2A1D}.Release|Any CPU.ActiveCfg = Release|Any CPU
		{BD0B1BDE-186F-4995-AFD5-721A0FAD2A1D}.Release|Any CPU.Build.0 = Release|Any CPU
		{BD0B1BDE-186F-4995-AFD5-721A0FAD2A1D}.Release|x64.ActiveCfg = Release|Any CPU
		{BD0B1BDE-186F-4995-AFD5-721A0FAD2A1D}.Release|x64.Build.0 = Release|Any CPU
		{BD0B1BDE-186F-4995-AFD5-721A0FAD2A1D}.Release|x86.ActiveCfg = Release|Any CPU
		{BD0B1BDE-186F-4995-AFD5-721A0FAD2A1D}.Release|x86.Build.0 = Release|Any CPU
	EndGlobalSection
	GlobalSection(SolutionProperties) = preSolution
		HideSolutionNode = FALSE
	EndGlobalSection
	GlobalSection(NestedProjects) = preSolution
		{C1F6B42C-6824-492F-8E14-9469D37934D0} = {5097AF04-51CE-65AE-C193-97AD53DD5885}
		{BD0B1BDE-186F-4995-AFD5-721A0FAD2A1D} = {5097AF04-51CE-65AE-C193-97AD53DD5885}
	EndGlobalSection
EndGlobal
